
Microsoft Visual Studio Solution File, Format Version 12.00
# Visual Studio Version 17
VisualStudioVersion = 17.6.33801.468
MinimumVisualStudioVersion = 10.0.40219.1
Project("{FAE04EC0-301F-11D3-BF4B-00C04F79EFBC}") = "AnimeCrawler", "AnimeCrawler.csproj", "{9C1DEF2E-4625-40CD-B17C-386CB5BE869D}"
EndProject
Global
	GlobalSection(SolutionConfigurationPlatforms) = preSolution
		Debug|Any CPU = Debug|Any CPU
		Release|Any CPU = Release|Any CPU
	EndGlobalSection
	GlobalSection(ProjectConfigurationPlatforms) = postSolution
		{9C1DEF2E-4625-40CD-B17C-386CB5BE869D}.Debug|Any CPU.ActiveCfg = Debug|Any CPU
		{9C1DEF2E-4625-40CD-B17C-386CB5BE869D}.Debug|Any CPU.Build.0 = Debug|Any CPU
		{9C1DEF2E-4625-40CD-B17C-386CB5BE869D}.Release|Any CPU.ActiveCfg = Release|Any CPU
		{9C1DEF2E-4625-40CD-B17C-386CB5BE869D}.Release|Any CPU.Build.0 = Release|Any CPU
	EndGlobalSection
	GlobalSection(SolutionProperties) = preSolution
		HideSolutionNode = FALSE
	EndGlobalSection
	GlobalSection(ExtensibilityGlobals) = postSolution
		SolutionGuid = {E42F8F49-7729-42FC-94D2-849513E8ACBF}
	EndGlobalSection
EndGlobal
